
Microsoft Visual Studio Solution File, Format Version 12.00
# Visual Studio 15
VisualStudioVersion = 15.0.27130.2024
MinimumVisualStudioVersion = 10.0.40219.1
Project("{9A19103F-16F7-4668-BE54-9A1E7A4F7556}") = "MPSC.LotoFacil.AppWeb", "MPSC.LotoFacil.AppWeb\MPSC.LotoFacil.AppWeb.csproj", "{60BBB14C-4855-47E1-A688-A414EE00883B}"
EndProject
Project("{9A19103F-16F7-4668-BE54-9A1E7A4F7556}") = "MPSC.LotoFacil.Domain", "MPSC.LotoFacil.Domain\MPSC.LotoFacil.Domain.csproj", "{A8A6649F-6C44-40FB-A775-87502C431A97}"
EndProject
Project("{9A19103F-16F7-4668-BE54-9A1E7A4F7556}") = "MPSC.LotoFacil.Teste.Unitario", "MPSC.LotoFacil.Teste.Unitario\MPSC.LotoFacil.Teste.Unitario.csproj", "{CA7B48BB-CACF-4052-8021-3A61F3680CF7}"
EndProject
Global
	GlobalSection(SolutionConfigurationPlatforms) = preSolution
		Debug|Any CPU = Debug|Any CPU
		Release|Any CPU = Release|Any CPU
	EndGlobalSection
	GlobalSection(ProjectConfigurationPlatforms) = postSolution
		{60BBB14C-4855-47E1-A688-A414EE00883B}.Debug|Any CPU.ActiveCfg = Debug|Any CPU
		{60BBB14C-4855-47E1-A688-A414EE00883B}.Debug|Any CPU.Build.0 = Debug|Any CPU
		{60BBB14C-4855-47E1-A688-A414EE00883B}.Release|Any CPU.ActiveCfg = Release|Any CPU
		{60BBB14C-4855-47E1-A688-A414EE00883B}.Release|Any CPU.Build.0 = Release|Any CPU
		{A8A6649F-6C44-40FB-A775-87502C431A97}.Debug|Any CPU.ActiveCfg = Debug|Any CPU
		{A8A6649F-6C44-40FB-A775-87502C431A97}.Debug|Any CPU.Build.0 = Debug|Any CPU
		{A8A6649F-6C44-40FB-A775-87502C431A97}.Release|Any CPU.ActiveCfg = Release|Any CPU
		{A8A6649F-6C44-40FB-A775-87502C431A97}.Release|Any CPU.Build.0 = Release|Any CPU
		{CA7B48BB-CACF-4052-8021-3A61F3680CF7}.Debug|Any CPU.ActiveCfg = Debug|Any CPU
		{CA7B48BB-CACF-4052-8021-3A61F3680CF7}.Debug|Any CPU.Build.0 = Debug|Any CPU
		{CA7B48BB-CACF-4052-8021-3A61F3680CF7}.Release|Any CPU.ActiveCfg = Release|Any CPU
		{CA7B48BB-CACF-4052-8021-3A61F3680CF7}.Release|Any CPU.Build.0 = Release|Any CPU
	EndGlobalSection
	GlobalSection(SolutionProperties) = preSolution
		HideSolutionNode = FALSE
	EndGlobalSection
	GlobalSection(ExtensibilityGlobals) = postSolution
		SolutionGuid = {60C209CF-6BC4-4F7A-87BA-CF2297727894}
	EndGlobalSection
EndGlobal
